
Microsoft Visual Studio Solution File, Format Version 12.00
# Visual Studio 15
VisualStudioVersion = 15.0.26228.9
MinimumVisualStudioVersion = 10.0.40219.1
Project("{2150E333-8FDC-42A3-9474-1A3956D46DE8}") = "Application", "Application", "{D6D74A6D-F6C6-4630-B78A-65E7B1F0014C}"
EndProject
Project("{2150E333-8FDC-42A3-9474-1A3956D46DE8}") = "Domain", "Domain", "{A9A35D66-FFDD-40DA-88E3-D3FC176B8FE3}"
EndProject
Project("{2150E333-8FDC-42A3-9474-1A3956D46DE8}") = "Infrastrcture", "Infrastrcture", "{99AF1466-EC44-46CF-B51B-F5147437CC39}"
EndProject
Project("{2150E333-8FDC-42A3-9474-1A3956D46DE8}") = "Web", "Web", "{0A57BCBB-3F88-418C-9288-879A6C713F66}"
EndProject
Project("{9A19103F-16F7-4668-BE54-9A1E7A4F7556}") = "Domain", "Domain\Domain\Domain.csproj", "{BAAC4F33-2A7A-485B-8E09-B7C3F27FBF03}"
EndProject
Project("{9A19103F-16F7-4668-BE54-9A1E7A4F7556}") = "API", "Application\API\API.csproj", "{5C5D526A-5716-4075-9CD7-3D7F41EC73F2}"
EndProject
Project("{9A19103F-16F7-4668-BE54-9A1E7A4F7556}") = "Data", "Infrastrcture\Data\Data.csproj", "{E744EEA8-7441-4BB1-898C-BD7E58C6BEFE}"
EndProject
Project("{9A19103F-16F7-4668-BE54-9A1E7A4F7556}") = "Dto", "Application\Dto\Dto.csproj", "{74896235-6771-465C-A478-36CB2F92F84A}"
EndProject
Project("{FAE04EC0-301F-11D3-BF4B-00C04F79EFBC}") = "UnitTest", "Domain\UnitTest\UnitTest.csproj", "{36F1B2D4-CD4D-4DCB-959B-0BD63E65B5C8}"
EndProject
Project("{2150E333-8FDC-42A3-9474-1A3956D46DE8}") = "Solution Items", "Solution Items", "{048D6FAF-063D-4F7B-8261-AE8B91C9D405}"
	ProjectSection(SolutionItems) = preProject
		LICENSE = LICENSE
		README.md = README.md
	EndProjectSection
EndProject
Project("{E24C65DC-7377-472B-9ABA-BC803B73C61A}") = "Web", "Web\", "{D0ED25B1-4F4A-43BE-B5F5-CE3E70B868CF}"
	ProjectSection(WebsiteProperties) = preProject
		TargetFrameworkMoniker = ".NETFramework,Version%3Dv4.0"
		Debug.AspNetCompiler.VirtualPath = "/localhost_63211"
		Debug.AspNetCompiler.PhysicalPath = "Web\"
		Debug.AspNetCompiler.TargetPath = "PrecompiledWeb\localhost_63211\"
		Debug.AspNetCompiler.Updateable = "true"
		Debug.AspNetCompiler.ForceOverwrite = "true"
		Debug.AspNetCompiler.FixedNames = "false"
		Debug.AspNetCompiler.Debug = "True"
		Release.AspNetCompiler.VirtualPath = "/localhost_63211"
		Release.AspNetCompiler.PhysicalPath = "Web\"
		Release.AspNetCompiler.TargetPath = "PrecompiledWeb\localhost_63211\"
		Release.AspNetCompiler.Updateable = "true"
		Release.AspNetCompiler.ForceOverwrite = "true"
		Release.AspNetCompiler.FixedNames = "false"
		Release.AspNetCompiler.Debug = "False"
		VWDPort = "63211"
	EndProjectSection
EndProject
Global
	GlobalSection(SolutionConfigurationPlatforms) = preSolution
		Debug|Any CPU = Debug|Any CPU
		Release|Any CPU = Release|Any CPU
	EndGlobalSection
	GlobalSection(ProjectConfigurationPlatforms) = postSolution
		{BAAC4F33-2A7A-485B-8E09-B7C3F27FBF03}.Debug|Any CPU.ActiveCfg = Debug|Any CPU
		{BAAC4F33-2A7A-485B-8E09-B7C3F27FBF03}.Debug|Any CPU.Build.0 = Debug|Any CPU
		{BAAC4F33-2A7A-485B-8E09-B7C3F27FBF03}.Release|Any CPU.ActiveCfg = Release|Any CPU
		{BAAC4F33-2A7A-485B-8E09-B7C3F27FBF03}.Release|Any CPU.Build.0 = Release|Any CPU
		{5C5D526A-5716-4075-9CD7-3D7F41EC73F2}.Debug|Any CPU.ActiveCfg = Debug|Any CPU
		{5C5D526A-5716-4075-9CD7-3D7F41EC73F2}.Debug|Any CPU.Build.0 = Debug|Any CPU
		{5C5D526A-5716-4075-9CD7-3D7F41EC73F2}.Release|Any CPU.ActiveCfg = Release|Any CPU
		{5C5D526A-5716-4075-9CD7-3D7F41EC73F2}.Release|Any CPU.Build.0 = Release|Any CPU
		{E744EEA8-7441-4BB1-898C-BD7E58C6BEFE}.Debug|Any CPU.ActiveCfg = Debug|Any CPU
		{E744EEA8-7441-4BB1-898C-BD7E58C6BEFE}.Debug|Any CPU.Build.0 = Debug|Any CPU
		{E744EEA8-7441-4BB1-898C-BD7E58C6BEFE}.Release|Any CPU.ActiveCfg = Release|Any CPU
		{E744EEA8-7441-4BB1-898C-BD7E58C6BEFE}.Release|Any CPU.Build.0 = Release|Any CPU
		{74896235-6771-465C-A478-36CB2F92F84A}.Debug|Any CPU.ActiveCfg = Debug|Any CPU
		{74896235-6771-465C-A478-36CB2F92F84A}.Debug|Any CPU.Build.0 = Debug|Any CPU
		{74896235-6771-465C-A478-36CB2F92F84A}.Release|Any CPU.ActiveCfg = Release|Any CPU
		{74896235-6771-465C-A478-36CB2F92F84A}.Release|Any CPU.Build.0 = Release|Any CPU
		{36F1B2D4-CD4D-4DCB-959B-0BD63E65B5C8}.Debug|Any CPU.ActiveCfg = Debug|Any CPU
		{36F1B2D4-CD4D-4DCB-959B-0BD63E65B5C8}.Debug|Any CPU.Build.0 = Debug|Any CPU
		{36F1B2D4-CD4D-4DCB-959B-0BD63E65B5C8}.Release|Any CPU.ActiveCfg = Release|Any CPU
		{36F1B2D4-CD4D-4DCB-959B-0BD63E65B5C8}.Release|Any CPU.Build.0 = Release|Any CPU
		{D0ED25B1-4F4A-43BE-B5F5-CE3E70B868CF}.Debug|Any CPU.ActiveCfg = Debug|Any CPU
		{D0ED25B1-4F4A-43BE-B5F5-CE3E70B868CF}.Debug|Any CPU.Build.0 = Debug|Any CPU
		{D0ED25B1-4F4A-43BE-B5F5-CE3E70B868CF}.Release|Any CPU.ActiveCfg = Debug|Any CPU
		{D0ED25B1-4F4A-43BE-B5F5-CE3E70B868CF}.Release|Any CPU.Build.0 = Debug|Any CPU
	EndGlobalSection
	GlobalSection(SolutionProperties) = preSolution
		HideSolutionNode = FALSE
	EndGlobalSection
	GlobalSection(NestedProjects) = preSolution
		{BAAC4F33-2A7A-485B-8E09-B7C3F27FBF03} = {A9A35D66-FFDD-40DA-88E3-D3FC176B8FE3}
		{5C5D526A-5716-4075-9CD7-3D7F41EC73F2} = {D6D74A6D-F6C6-4630-B78A-65E7B1F0014C}
		{E744EEA8-7441-4BB1-898C-BD7E58C6BEFE} = {99AF1466-EC44-46CF-B51B-F5147437CC39}
		{74896235-6771-465C-A478-36CB2F92F84A} = {D6D74A6D-F6C6-4630-B78A-65E7B1F0014C}
		{36F1B2D4-CD4D-4DCB-959B-0BD63E65B5C8} = {A9A35D66-FFDD-40DA-88E3-D3FC176B8FE3}
		{D0ED25B1-4F4A-43BE-B5F5-CE3E70B868CF} = {0A57BCBB-3F88-418C-9288-879A6C713F66}
	EndGlobalSection
EndGlobal
